// !$*UTF8*$!
{
	archiveVersion = 1;
	classes = {
	};
	objectVersion = 56;
	objects = {

/* Begin PBXBuildFile section */
		18949D235265544CF13E4A60 /* RiffPersistenceService.swift in Sources */ = {isa = PBXBuildFile; fileRef = 40FA231473F510F07BEA41AF /* RiffPersistenceService.swift */; };
		44B2D4CF0B92D5A31AD84902 /* Riff.swift in Sources */ = {isa = PBXBuildFile; fileRef = 73C9D888FE6BEDD464EA98A7 /* Riff.swift */; };
		6333279A186C201165E86F05 /* Take.swift in Sources */ = {isa = PBXBuildFile; fileRef = 0539B776EA10509D55F3069B /* Take.swift */; };
		66A0E165D5CD519567FE87C3 /* ReviewView.swift in Sources */ = {isa = PBXBuildFile; fileRef = 9C2B23E96678949D82BDAB06 /* ReviewView.swift */; };
		CC0001 /* CoachingModels.swift in Sources */ = {isa = PBXBuildFile; fileRef = CC1001 /* CoachingModels.swift */; };
		CC0002 /* CoachingService.swift in Sources */ = {isa = PBXBuildFile; fileRef = CC1002 /* CoachingService.swift */; };
		CC0003 /* ScenarioPickerView.swift in Sources */ = {isa = PBXBuildFile; fileRef = CC1003 /* ScenarioPickerView.swift */; };
		CC0004 /* ScaffoldView.swift in Sources */ = {isa = PBXBuildFile; fileRef = CC1004 /* ScaffoldView.swift */; };
		CC0005 /* CoachingFeedbackView.swift in Sources */ = {isa = PBXBuildFile; fileRef = CC1005 /* CoachingFeedbackView.swift */; };
		SP0001 /* StreamPracticeModels.swift in Sources */ = {isa = PBXBuildFile; fileRef = SP1001 /* StreamPracticeModels.swift */; };
		SP0002 /* StreamCoachingService.swift in Sources */ = {isa = PBXBuildFile; fileRef = SP1002 /* StreamCoachingService.swift */; };
		SP0003 /* StreamPracticeViewModel.swift in Sources */ = {isa = PBXBuildFile; fileRef = SP1003 /* StreamPracticeViewModel.swift */; };
		SP0004 /* StreamPracticeView.swift in Sources */ = {isa = PBXBuildFile; fileRef = SP1004 /* StreamPracticeView.swift */; };
		AK0001 /* APIKeys.swift in Sources */ = {isa = PBXBuildFile; fileRef = AK1001 /* APIKeys.swift */; };
		SE0001 /* Secrets.swift in Sources */ = {isa = PBXBuildFile; fileRef = SE1001 /* Secrets.swift */; };
		A10001 /* FillerBusterApp.swift in Sources */ = {isa = PBXBuildFile; fileRef = A20001 /* FillerBusterApp.swift */; };
		A10002 /* OnboardingView.swift in Sources */ = {isa = PBXBuildFile; fileRef = A20002 /* OnboardingView.swift */; };
		A10003 /* RecordingView.swift in Sources */ = {isa = PBXBuildFile; fileRef = A20003 /* RecordingView.swift */; };
		A10004 /* LiveTranscriptView.swift in Sources */ = {isa = PBXBuildFile; fileRef = A20004 /* LiveTranscriptView.swift */; };
		A10005 /* TranscriptWordView.swift in Sources */ = {isa = PBXBuildFile; fileRef = A20005 /* TranscriptWordView.swift */; };
		A10006 /* ResultsSummaryView.swift in Sources */ = {isa = PBXBuildFile; fileRef = A20006 /* ResultsSummaryView.swift */; };
		A10007 /* RecordingViewModel.swift in Sources */ = {isa = PBXBuildFile; fileRef = A20007 /* RecordingViewModel.swift */; };
		A10008 /* AudioCaptureService.swift in Sources */ = {isa = PBXBuildFile; fileRef = A20008 /* AudioCaptureService.swift */; };
		A10009 /* DeepgramService.swift in Sources */ = {isa = PBXBuildFile; fileRef = A20009 /* DeepgramService.swift */; };
		A10010 /* TranscriptManager.swift in Sources */ = {isa = PBXBuildFile; fileRef = A20010 /* TranscriptManager.swift */; };
		A10011 /* HapticService.swift in Sources */ = {isa = PBXBuildFile; fileRef = A20011 /* HapticService.swift */; };
		A10012 /* TranscriptWord.swift in Sources */ = {isa = PBXBuildFile; fileRef = A20012 /* TranscriptWord.swift */; };
		A10013 /* DeepgramModels.swift in Sources */ = {isa = PBXBuildFile; fileRef = A20013 /* DeepgramModels.swift */; };
		A10014 /* Theme.swift in Sources */ = {isa = PBXBuildFile; fileRef = A20014 /* Theme.swift */; };
		A10015 /* Assets.xcassets in Resources */ = {isa = PBXBuildFile; fileRef = A20015 /* Assets.xcassets */; };
		A10016 /* RecordingSession.swift in Sources */ = {isa = PBXBuildFile; fileRef = A20017 /* RecordingSession.swift */; };
		A10017 /* PersistedWord.swift in Sources */ = {isa = PBXBuildFile; fileRef = A20018 /* PersistedWord.swift */; };
		A10018 /* AudioStorageService.swift in Sources */ = {isa = PBXBuildFile; fileRef = A20019 /* AudioStorageService.swift */; };
		A10019 /* SessionPersistenceService.swift in Sources */ = {isa = PBXBuildFile; fileRef = A20020 /* SessionPersistenceService.swift */; };
		A10020 /* PlaybackManager.swift in Sources */ = {isa = PBXBuildFile; fileRef = A20021 /* PlaybackManager.swift */; };
		A10021 /* HistorySheetView.swift in Sources */ = {isa = PBXBuildFile; fileRef = A20022 /* HistorySheetView.swift */; };
		A10022 /* SessionDetailView.swift in Sources */ = {isa = PBXBuildFile; fileRef = A20023 /* SessionDetailView.swift */; };
/* End PBXBuildFile section */

/* Begin PBXFileReference section */
		0539B776EA10509D55F3069B /* Take.swift */ = {isa = PBXFileReference; includeInIndex = 1; lastKnownFileType = sourcecode.swift; path = Take.swift; sourceTree = "<group>"; };
		40FA231473F510F07BEA41AF /* RiffPersistenceService.swift */ = {isa = PBXFileReference; includeInIndex = 1; lastKnownFileType = sourcecode.swift; path = RiffPersistenceService.swift; sourceTree = "<group>"; };
		73C9D888FE6BEDD464EA98A7 /* Riff.swift */ = {isa = PBXFileReference; includeInIndex = 1; lastKnownFileType = sourcecode.swift; path = Riff.swift; sourceTree = "<group>"; };
		9C2B23E96678949D82BDAB06 /* ReviewView.swift */ = {isa = PBXFileReference; includeInIndex = 1; lastKnownFileType = sourcecode.swift; path = ReviewView.swift; sourceTree = "<group>"; };
		CC1001 /* CoachingModels.swift */ = {isa = PBXFileReference; includeInIndex = 1; lastKnownFileType = sourcecode.swift; path = CoachingModels.swift; sourceTree = "<group>"; };
		CC1002 /* CoachingService.swift */ = {isa = PBXFileReference; includeInIndex = 1; lastKnownFileType = sourcecode.swift; path = CoachingService.swift; sourceTree = "<group>"; };
		CC1003 /* ScenarioPickerView.swift */ = {isa = PBXFileReference; includeInIndex = 1; lastKnownFileType = sourcecode.swift; path = ScenarioPickerView.swift; sourceTree = "<group>"; };
		CC1004 /* ScaffoldView.swift */ = {isa = PBXFileReference; includeInIndex = 1; lastKnownFileType = sourcecode.swift; path = ScaffoldView.swift; sourceTree = "<group>"; };
		CC1005 /* CoachingFeedbackView.swift */ = {isa = PBXFileReference; includeInIndex = 1; lastKnownFileType = sourcecode.swift; path = CoachingFeedbackView.swift; sourceTree = "<group>"; };
		SP1001 /* StreamPracticeModels.swift */ = {isa = PBXFileReference; includeInIndex = 1; lastKnownFileType = sourcecode.swift; path = StreamPracticeModels.swift; sourceTree = "<group>"; };
		SP1002 /* StreamCoachingService.swift */ = {isa = PBXFileReference; includeInIndex = 1; lastKnownFileType = sourcecode.swift; path = StreamCoachingService.swift; sourceTree = "<group>"; };
		SP1003 /* StreamPracticeViewModel.swift */ = {isa = PBXFileReference; includeInIndex = 1; lastKnownFileType = sourcecode.swift; path = StreamPracticeViewModel.swift; sourceTree = "<group>"; };
		SP1004 /* StreamPracticeView.swift */ = {isa = PBXFileReference; includeInIndex = 1; lastKnownFileType = sourcecode.swift; path = StreamPracticeView.swift; sourceTree = "<group>"; };
		AK1001 /* APIKeys.swift */ = {isa = PBXFileReference; lastKnownFileType = sourcecode.swift; path = APIKeys.swift; sourceTree = "<group>"; };
		SE1001 /* Secrets.swift */ = {isa = PBXFileReference; lastKnownFileType = sourcecode.swift; path = Secrets.swift; sourceTree = "<group>"; };
		A20001 /* FillerBusterApp.swift */ = {isa = PBXFileReference; lastKnownFileType = sourcecode.swift; path = FillerBusterApp.swift; sourceTree = "<group>"; };
		A20002 /* OnboardingView.swift */ = {isa = PBXFileReference; lastKnownFileType = sourcecode.swift; path = OnboardingView.swift; sourceTree = "<group>"; };
		A20003 /* RecordingView.swift */ = {isa = PBXFileReference; lastKnownFileType = sourcecode.swift; path = RecordingView.swift; sourceTree = "<group>"; };
		A20004 /* LiveTranscriptView.swift */ = {isa = PBXFileReference; lastKnownFileType = sourcecode.swift; path = LiveTranscriptView.swift; sourceTree = "<group>"; };
		A20005 /* TranscriptWordView.swift */ = {isa = PBXFileReference; lastKnownFileType = sourcecode.swift; path = TranscriptWordView.swift; sourceTree = "<group>"; };
		A20006 /* ResultsSummaryView.swift */ = {isa = PBXFileReference; lastKnownFileType = sourcecode.swift; path = ResultsSummaryView.swift; sourceTree = "<group>"; };
		A20007 /* RecordingViewModel.swift */ = {isa = PBXFileReference; lastKnownFileType = sourcecode.swift; path = RecordingViewModel.swift; sourceTree = "<group>"; };
		A20008 /* AudioCaptureService.swift */ = {isa = PBXFileReference; lastKnownFileType = sourcecode.swift; path = AudioCaptureService.swift; sourceTree = "<group>"; };
		A20009 /* DeepgramService.swift */ = {isa = PBXFileReference; lastKnownFileType = sourcecode.swift; path = DeepgramService.swift; sourceTree = "<group>"; };
		A20010 /* TranscriptManager.swift */ = {isa = PBXFileReference; lastKnownFileType = sourcecode.swift; path = TranscriptManager.swift; sourceTree = "<group>"; };
		A20011 /* HapticService.swift */ = {isa = PBXFileReference; lastKnownFileType = sourcecode.swift; path = HapticService.swift; sourceTree = "<group>"; };
		A20012 /* TranscriptWord.swift */ = {isa = PBXFileReference; lastKnownFileType = sourcecode.swift; path = TranscriptWord.swift; sourceTree = "<group>"; };
		A20013 /* DeepgramModels.swift */ = {isa = PBXFileReference; lastKnownFileType = sourcecode.swift; path = DeepgramModels.swift; sourceTree = "<group>"; };
		A20014 /* Theme.swift */ = {isa = PBXFileReference; lastKnownFileType = sourcecode.swift; path = Theme.swift; sourceTree = "<group>"; };
		A20015 /* Assets.xcassets */ = {isa = PBXFileReference; lastKnownFileType = folder.assetcatalog; path = Assets.xcassets; sourceTree = "<group>"; };
		A20016 /* Info.plist */ = {isa = PBXFileReference; lastKnownFileType = text.plist.xml; path = Info.plist; sourceTree = "<group>"; };
		A20017 /* RecordingSession.swift */ = {isa = PBXFileReference; lastKnownFileType = sourcecode.swift; path = RecordingSession.swift; sourceTree = "<group>"; };
		A20018 /* PersistedWord.swift */ = {isa = PBXFileReference; lastKnownFileType = sourcecode.swift; path = PersistedWord.swift; sourceTree = "<group>"; };
		A20019 /* AudioStorageService.swift */ = {isa = PBXFileReference; lastKnownFileType = sourcecode.swift; path = AudioStorageService.swift; sourceTree = "<group>"; };
		A20020 /* SessionPersistenceService.swift */ = {isa = PBXFileReference; lastKnownFileType = sourcecode.swift; path = SessionPersistenceService.swift; sourceTree = "<group>"; };
		A20021 /* PlaybackManager.swift */ = {isa = PBXFileReference; lastKnownFileType = sourcecode.swift; path = PlaybackManager.swift; sourceTree = "<group>"; };
		A20022 /* HistorySheetView.swift */ = {isa = PBXFileReference; lastKnownFileType = sourcecode.swift; path = HistorySheetView.swift; sourceTree = "<group>"; };
		A20023 /* SessionDetailView.swift */ = {isa = PBXFileReference; lastKnownFileType = sourcecode.swift; path = SessionDetailView.swift; sourceTree = "<group>"; };
		A30001 /* FillerBuster.app */ = {isa = PBXFileReference; explicitFileType = wrapper.application; includeInIndex = 0; path = FillerBuster.app; sourceTree = BUILT_PRODUCTS_DIR; };
/* End PBXFileReference section */

/* Begin PBXFrameworksBuildPhase section */
		A40001 /* Frameworks */ = {
			isa = PBXFrameworksBuildPhase;
			buildActionMask = 2147483647;
			files = (
			);
			runOnlyForDeploymentPostprocessing = 0;
		};
/* End PBXFrameworksBuildPhase section */

/* Begin PBXGroup section */
		A50001 = {
			isa = PBXGroup;
			children = (
				A50002 /* FillerBuster */,
				A50010 /* Products */,
			);
			sourceTree = "<group>";
		};
		A50002 /* FillerBuster */ = {
			isa = PBXGroup;
			children = (
				A50003 /* App */,
				A50004 /* Views */,
				A50005 /* ViewModels */,
				A50006 /* Services */,
				A50007 /* Models */,
				A50008 /* Theme */,
				A50009 /* Resources */,
			);
			path = FillerBuster;
			sourceTree = "<group>";
		};
		A50003 /* App */ = {
			isa = PBXGroup;
			children = (
				A20001 /* FillerBusterApp.swift */,
				AK1001 /* APIKeys.swift */,
				SE1001 /* Secrets.swift */,
			);
			path = App;
			sourceTree = "<group>";
		};
		A50004 /* Views */ = {
			isa = PBXGroup;
			children = (
				A20002 /* OnboardingView.swift */,
				A20003 /* RecordingView.swift */,
				A20004 /* LiveTranscriptView.swift */,
				A20005 /* TranscriptWordView.swift */,
				A20006 /* ResultsSummaryView.swift */,
				A20022 /* HistorySheetView.swift */,
				A20023 /* SessionDetailView.swift */,
				9C2B23E96678949D82BDAB06 /* ReviewView.swift */,
				CC1003 /* ScenarioPickerView.swift */,
				CC1004 /* ScaffoldView.swift */,
				CC1005 /* CoachingFeedbackView.swift */,
				SP1004 /* StreamPracticeView.swift */,
			);
			path = Views;
			sourceTree = "<group>";
		};
		A50005 /* ViewModels */ = {
			isa = PBXGroup;
			children = (
				A20007 /* RecordingViewModel.swift */,
				SP1003 /* StreamPracticeViewModel.swift */,
			);
			path = ViewModels;
			sourceTree = "<group>";
		};
		A50006 /* Services */ = {
			isa = PBXGroup;
			children = (
				A20008 /* AudioCaptureService.swift */,
				A20009 /* DeepgramService.swift */,
				A20010 /* TranscriptManager.swift */,
				A20011 /* HapticService.swift */,
				A20019 /* AudioStorageService.swift */,
				A20020 /* SessionPersistenceService.swift */,
				A20021 /* PlaybackManager.swift */,
				40FA231473F510F07BEA41AF /* RiffPersistenceService.swift */,
				CC1002 /* CoachingService.swift */,
				SP1002 /* StreamCoachingService.swift */,
			);
			path = Services;
			sourceTree = "<group>";
		};
		A50007 /* Models */ = {
			isa = PBXGroup;
			children = (
				A20012 /* TranscriptWord.swift */,
				A20013 /* DeepgramModels.swift */,
				A20017 /* RecordingSession.swift */,
				A20018 /* PersistedWord.swift */,
				73C9D888FE6BEDD464EA98A7 /* Riff.swift */,
				0539B776EA10509D55F3069B /* Take.swift */,
				CC1001 /* CoachingModels.swift */,
				SP1001 /* StreamPracticeModels.swift */,
			);
			path = Models;
			sourceTree = "<group>";
		};
		A50008 /* Theme */ = {
			isa = PBXGroup;
			children = (
				A20014 /* Theme.swift */,
			);
			path = Theme;
			sourceTree = "<group>";
		};
		A50009 /* Resources */ = {
			isa = PBXGroup;
			children = (
				A20015 /* Assets.xcassets */,
				A20016 /* Info.plist */,
			);
			path = Resources;
			sourceTree = "<group>";
		};
		A50010 /* Products */ = {
			isa = PBXGroup;
			children = (
				A30001 /* FillerBuster.app */,
			);
			name = Products;
			sourceTree = "<group>";
		};
/* End PBXGroup section */

/* Begin PBXNativeTarget section */
		A60001 /* FillerBuster */ = {
			isa = PBXNativeTarget;
			buildConfigurationList = A70001 /* Build configuration list for PBXNativeTarget "FillerBuster" */;
			buildPhases = (
				A80001 /* Sources */,
				A40001 /* Frameworks */,
				A90001 /* Resources */,
			);
			buildRules = (
			);
			dependencies = (
			);
			name = FillerBuster;
			productName = FillerBuster;
			productReference = A30001 /* FillerBuster.app */;
			productType = "com.apple.product-type.application";
		};
/* End PBXNativeTarget section */

/* Begin PBXProject section */
		B00001 /* Project object */ = {
			isa = PBXProject;
			attributes = {
				BuildIndependentTargetsInParallel = 1;
				LastSwiftUpdateCheck = 1500;
				LastUpgradeCheck = 2620;
				TargetAttributes = {
					A60001 = {
						CreatedOnToolsVersion = 15.0;
					};
				};
			};
			buildConfigurationList = B10001 /* Build configuration list for PBXProject "FillerBuster" */;
			compatibilityVersion = "Xcode 14.0";
			developmentRegion = en;
			hasScannedForEncodings = 0;
			knownRegions = (
				en,
				Base,
			);
			mainGroup = A50001;
			productRefGroup = A50010 /* Products */;
			projectDirPath = "";
			projectRoot = "";
			targets = (
				A60001 /* FillerBuster */,
			);
		};
/* End PBXProject section */

/* Begin PBXResourcesBuildPhase section */
		A90001 /* Resources */ = {
			isa = PBXResourcesBuildPhase;
			buildActionMask = 2147483647;
			files = (
				A10015 /* Assets.xcassets in Resources */,
			);
			runOnlyForDeploymentPostprocessing = 0;
		};
/* End PBXResourcesBuildPhase section */

/* Begin PBXSourcesBuildPhase section */
		A80001 /* Sources */ = {
			isa = PBXSourcesBuildPhase;
			buildActionMask = 2147483647;
			files = (
				A10001 /* FillerBusterApp.swift in Sources */,
				A10002 /* OnboardingView.swift in Sources */,
				A10003 /* RecordingView.swift in Sources */,
				A10004 /* LiveTranscriptView.swift in Sources */,
				A10005 /* TranscriptWordView.swift in Sources */,
				A10006 /* ResultsSummaryView.swift in Sources */,
				A10007 /* RecordingViewModel.swift in Sources */,
				A10008 /* AudioCaptureService.swift in Sources */,
				A10009 /* DeepgramService.swift in Sources */,
				A10010 /* TranscriptManager.swift in Sources */,
				A10011 /* HapticService.swift in Sources */,
				A10012 /* TranscriptWord.swift in Sources */,
				A10013 /* DeepgramModels.swift in Sources */,
				A10014 /* Theme.swift in Sources */,
				A10016 /* RecordingSession.swift in Sources */,
				A10017 /* PersistedWord.swift in Sources */,
				A10018 /* AudioStorageService.swift in Sources */,
				A10019 /* SessionPersistenceService.swift in Sources */,
				A10020 /* PlaybackManager.swift in Sources */,
				A10021 /* HistorySheetView.swift in Sources */,
				A10022 /* SessionDetailView.swift in Sources */,
				44B2D4CF0B92D5A31AD84902 /* Riff.swift in Sources */,
				6333279A186C201165E86F05 /* Take.swift in Sources */,
				18949D235265544CF13E4A60 /* RiffPersistenceService.swift in Sources */,
				66A0E165D5CD519567FE87C3 /* ReviewView.swift in Sources */,
				CC0001 /* CoachingModels.swift in Sources */,
				CC0002 /* CoachingService.swift in Sources */,
				CC0003 /* ScenarioPickerView.swift in Sources */,
				CC0004 /* ScaffoldView.swift in Sources */,
				CC0005 /* CoachingFeedbackView.swift in Sources */,
				SP0001 /* StreamPracticeModels.swift in Sources */,
				SP0002 /* StreamCoachingService.swift in Sources */,
				SP0003 /* StreamPracticeViewModel.swift in Sources */,
				SP0004 /* StreamPracticeView.swift in Sources */,
				AK0001 /* APIKeys.swift in Sources */,
				SE0001 /* Secrets.swift in Sources */,
			);
			runOnlyForDeploymentPostprocessing = 0;
		};
/* End PBXSourcesBuildPhase section */

/* Begin XCBuildConfiguration section */
		C10001 /* Debug */ = {
			isa = XCBuildConfiguration;
			buildSettings = {
				ALWAYS_SEARCH_USER_PATHS = NO;
				ASSETCATALOG_COMPILER_GENERATE_SWIFT_ASSET_SYMBOL_EXTENSIONS = YES;
				CLANG_ANALYZER_NONNULL = YES;
				CLANG_ANALYZER_NUMBER_OBJECT_CONVERSION = YES_AGGRESSIVE;
				CLANG_CXX_LANGUAGE_STANDARD = "gnu++20";
				CLANG_ENABLE_MODULES = YES;
				CLANG_ENABLE_OBJC_ARC = YES;
				CLANG_ENABLE_OBJC_WEAK = YES;
				CLANG_WARN_BLOCK_CAPTURE_AUTORELEASING = YES;
				CLANG_WARN_BOOL_CONVERSION = YES;
				CLANG_WARN_COMMA = YES;
				CLANG_WARN_CONSTANT_CONVERSION = YES;
				CLANG_WARN_DEPRECATED_OBJC_IMPLEMENTATIONS = YES;
				CLANG_WARN_DIRECT_OBJC_ISA_USAGE = YES_ERROR;
				CLANG_WARN_DOCUMENTATION_COMMENTS = YES;
				CLANG_WARN_EMPTY_BODY = YES;
				CLANG_WARN_ENUM_CONVERSION = YES;
				CLANG_WARN_INFINITE_RECURSION = YES;
				CLANG_WARN_INT_CONVERSION = YES;
				CLANG_WARN_NON_LITERAL_NULL_CONVERSION = YES;
				CLANG_WARN_OBJC_IMPLICIT_RETAIN_SELF = YES;
				CLANG_WARN_OBJC_LITERAL_CONVERSION = YES;
				CLANG_WARN_OBJC_ROOT_CLASS = YES_ERROR;
				CLANG_WARN_QUOTED_INCLUDE_IN_FRAMEWORK_HEADER = YES;
				CLANG_WARN_RANGE_LOOP_ANALYSIS = YES;
				CLANG_WARN_STRICT_PROTOTYPES = YES;
				CLANG_WARN_SUSPICIOUS_MOVE = YES;
				CLANG_WARN_UNGUARDED_AVAILABILITY = YES_AGGRESSIVE;
				CLANG_WARN_UNREACHABLE_CODE = YES;
				CLANG_WARN__DUPLICATE_METHOD_MATCH = YES;
				COPY_PHASE_STRIP = NO;
				DEBUG_INFORMATION_FORMAT = dwarf;
				DEVELOPMENT_TEAM = 7HTTM2Q8A5;
				ENABLE_STRICT_OBJC_MSGSEND = YES;
				ENABLE_TESTABILITY = YES;
				ENABLE_USER_SCRIPT_SANDBOXING = YES;
				GCC_C_LANGUAGE_STANDARD = gnu17;
				GCC_DYNAMIC_NO_PIC = NO;
				GCC_NO_COMMON_BLOCKS = YES;
				GCC_OPTIMIZATION_LEVEL = 0;
				GCC_PREPROCESSOR_DEFINITIONS = (
					"DEBUG=1",
					"$(inherited)",
				);
				GCC_WARN_64_TO_32_BIT_CONVERSION = YES;
				GCC_WARN_ABOUT_RETURN_TYPE = YES_ERROR;
				GCC_WARN_UNDECLARED_SELECTOR = YES;
				GCC_WARN_UNINITIALIZED_AUTOS = YES_AGGRESSIVE;
				GCC_WARN_UNUSED_FUNCTION = YES;
				GCC_WARN_UNUSED_VARIABLE = YES;
				IPHONEOS_DEPLOYMENT_TARGET = 17.0;
				LOCALIZATION_PREFERS_STRING_CATALOGS = YES;
				MTL_ENABLE_DEBUG_INFO = INCLUDE_SOURCE;
				MTL_FAST_MATH = YES;
				ONLY_ACTIVE_ARCH = YES;
				SDKROOT = iphoneos;
				STRING_CATALOG_GENERATE_SYMBOLS = YES;
				SWIFT_ACTIVE_COMPILATION_CONDITIONS = "DEBUG $(inherited)";
				SWIFT_OPTIMIZATION_LEVEL = "-Onone";
			};
			name = Debug;
		};
		C10002 /* Release */ = {
			isa = XCBuildConfiguration;
			buildSettings = {
				ALWAYS_SEARCH_USER_PATHS = NO;
				ASSETCATALOG_COMPILER_GENERATE_SWIFT_ASSET_SYMBOL_EXTENSIONS = YES;
				CLANG_ANALYZER_NONNULL = YES;
				CLANG_ANALYZER_NUMBER_OBJECT_CONVERSION = YES_AGGRESSIVE;
				CLANG_CXX_LANGUAGE_STANDARD = "gnu++20";
				CLANG_ENABLE_MODULES = YES;
				CLANG_ENABLE_OBJC_ARC = YES;
				CLANG_ENABLE_OBJC_WEAK = YES;
				CLANG_WARN_BLOCK_CAPTURE_AUTORELEASING = YES;
				CLANG_WARN_BOOL_CONVERSION = YES;
				CLANG_WARN_COMMA = YES;
				CLANG_WARN_CONSTANT_CONVERSION = YES;
				CLANG_WARN_DEPRECATED_OBJC_IMPLEMENTATIONS = YES;
				CLANG_WARN_DIRECT_OBJC_ISA_USAGE = YES_ERROR;
				CLANG_WARN_DOCUMENTATION_COMMENTS = YES;
				CLANG_WARN_EMPTY_BODY = YES;
				CLANG_WARN_ENUM_CONVERSION = YES;
				CLANG_WARN_INFINITE_RECURSION = YES;
				CLANG_WARN_INT_CONVERSION = YES;
				CLANG_WARN_NON_LITERAL_NULL_CONVERSION = YES;
				CLANG_WARN_OBJC_IMPLICIT_RETAIN_SELF = YES;
				CLANG_WARN_OBJC_LITERAL_CONVERSION = YES;
				CLANG_WARN_OBJC_ROOT_CLASS = YES_ERROR;
				CLANG_WARN_QUOTED_INCLUDE_IN_FRAMEWORK_HEADER = YES;
				CLANG_WARN_RANGE_LOOP_ANALYSIS = YES;
				CLANG_WARN_STRICT_PROTOTYPES = YES;
				CLANG_WARN_SUSPICIOUS_MOVE = YES;
				CLANG_WARN_UNGUARDED_AVAILABILITY = YES_AGGRESSIVE;
				CLANG_WARN_UNREACHABLE_CODE = YES;
				CLANG_WARN__DUPLICATE_METHOD_MATCH = YES;
				COPY_PHASE_STRIP = NO;
				DEBUG_INFORMATION_FORMAT = "dwarf-with-dsym";
				DEVELOPMENT_TEAM = 7HTTM2Q8A5;
				ENABLE_NS_ASSERTIONS = NO;
				ENABLE_STRICT_OBJC_MSGSEND = YES;
				ENABLE_USER_SCRIPT_SANDBOXING = YES;
				GCC_C_LANGUAGE_STANDARD = gnu17;
				GCC_NO_COMMON_BLOCKS = YES;
				GCC_WARN_64_TO_32_BIT_CONVERSION = YES;
				GCC_WARN_ABOUT_RETURN_TYPE = YES_ERROR;
				GCC_WARN_UNDECLARED_SELECTOR = YES;
				GCC_WARN_UNINITIALIZED_AUTOS = YES_AGGRESSIVE;
				GCC_WARN_UNUSED_FUNCTION = YES;
				GCC_WARN_UNUSED_VARIABLE = YES;
				IPHONEOS_DEPLOYMENT_TARGET = 17.0;
				LOCALIZATION_PREFERS_STRING_CATALOGS = YES;
				MTL_ENABLE_DEBUG_INFO = NO;
				MTL_FAST_MATH = YES;
				SDKROOT = iphoneos;
				STRING_CATALOG_GENERATE_SYMBOLS = YES;
				SWIFT_COMPILATION_MODE = wholemodule;
				VALIDATE_PRODUCT = YES;
			};
			name = Release;
		};
		C20001 /* Debug */ = {
			isa = XCBuildConfiguration;
			buildSettings = {
				ASSETCATALOG_COMPILER_APPICON_NAME = AppIcon;
				ASSETCATALOG_COMPILER_GLOBAL_ACCENT_COLOR_NAME = AccentColor;
				CODE_SIGN_STYLE = Automatic;
				CURRENT_PROJECT_VERSION = 1;
				ENABLE_PREVIEWS = YES;
				GENERATE_INFOPLIST_FILE = YES;
				INFOPLIST_FILE = FillerBuster/Resources/Info.plist;
				INFOPLIST_KEY_CFBundleDisplayName = "Filler Buster";
				INFOPLIST_KEY_LSApplicationCategoryType = "public.app-category.utilities";
				INFOPLIST_KEY_UIApplicationSceneManifest_Generation = YES;
				INFOPLIST_KEY_UIApplicationSupportsIndirectInputEvents = YES;
				INFOPLIST_KEY_UILaunchScreen_Generation = YES;
				INFOPLIST_KEY_UISupportedInterfaceOrientations = UIInterfaceOrientationPortrait;
				LD_RUNPATH_SEARCH_PATHS = (
					"$(inherited)",
					"@executable_path/Frameworks",
				);
				MARKETING_VERSION = 1.0;
				PRODUCT_BUNDLE_IDENTIFIER = com.fillerbuster.app;
				PRODUCT_NAME = "$(TARGET_NAME)";
				SWIFT_EMIT_LOC_STRINGS = YES;
				SWIFT_VERSION = 5.0;
				TARGETED_DEVICE_FAMILY = 1;
			};
			name = Debug;
		};
		C20002 /* Release */ = {
			isa = XCBuildConfiguration;
			buildSettings = {
				ASSETCATALOG_COMPILER_APPICON_NAME = AppIcon;
				ASSETCATALOG_COMPILER_GLOBAL_ACCENT_COLOR_NAME = AccentColor;
				CODE_SIGN_STYLE = Automatic;
				CURRENT_PROJECT_VERSION = 1;
				ENABLE_PREVIEWS = YES;
				GENERATE_INFOPLIST_FILE = YES;
				INFOPLIST_FILE = FillerBuster/Resources/Info.plist;
				INFOPLIST_KEY_CFBundleDisplayName = "Filler Buster";
				INFOPLIST_KEY_LSApplicationCategoryType = "public.app-category.utilities";
				INFOPLIST_KEY_UIApplicationSceneManifest_Generation = YES;
				INFOPLIST_KEY_UIApplicationSupportsIndirectInputEvents = YES;
				INFOPLIST_KEY_UILaunchScreen_Generation = YES;
				INFOPLIST_KEY_UISupportedInterfaceOrientations = UIInterfaceOrientationPortrait;
				LD_RUNPATH_SEARCH_PATHS = (
					"$(inherited)",
					"@executable_path/Frameworks",
				);
				MARKETING_VERSION = 1.0;
				PRODUCT_BUNDLE_IDENTIFIER = com.fillerbuster.app;
				PRODUCT_NAME = "$(TARGET_NAME)";
				SWIFT_EMIT_LOC_STRINGS = YES;
				SWIFT_VERSION = 5.0;
				TARGETED_DEVICE_FAMILY = 1;
			};
			name = Release;
		};
/* End XCBuildConfiguration section */

/* Begin XCConfigurationList section */
		A70001 /* Build configuration list for PBXNativeTarget "FillerBuster" */ = {
			isa = XCConfigurationList;
			buildConfigurations = (
				C20001 /* Debug */,
				C20002 /* Release */,
			);
			defaultConfigurationIsVisible = 0;
			defaultConfigurationName = Release;
		};
		B10001 /* Build configuration list for PBXProject "FillerBuster" */ = {
			isa = XCConfigurationList;
			buildConfigurations = (
				C10001 /* Debug */,
				C10002 /* Release */,
			);
			defaultConfigurationIsVisible = 0;
			defaultConfigurationName = Release;
		};
/* End XCConfigurationList section */
	};
	rootObject = B00001 /* Project object */;
}
